
Microsoft Visual Studio Solution File, Format Version 12.00
# Visual Studio 14
VisualStudioVersion = 14.0.25420.1
MinimumVisualStudioVersion = 10.0.40219.1
Project("{FAE04EC0-301F-11D3-BF4B-00C04F79EFBC}") = "PGCD", "Exercice pratique\PGCD.csproj", "{E74C0050-0483-448F-B305-5EF2EFC0BEDC}"
EndProject
Project("{FAE04EC0-301F-11D3-BF4B-00C04F79EFBC}") = "NombrePremier", "Nombre\NombrePremier.csproj", "{743D35EF-41E5-41EA-98F8-678CA74C8F21}"
EndProject
Project("{FAE04EC0-301F-11D3-BF4B-00C04F79EFBC}") = "TriTableau", "TriTableau\TriTableau.csproj", "{B3CE9A86-E02F-401B-A762-7CA85CB29E00}"
EndProject
Project("{FAE04EC0-301F-11D3-BF4B-00C04F79EFBC}") = "ConsonneVoyelle", "ConsonneVoyelle\ConsonneVoyelle.csproj", "{D7500C9A-59D7-409B-A69F-29379D636026}"
EndProject
Project("{FAE04EC0-301F-11D3-BF4B-00C04F79EFBC}") = "Login", "Météo\Login.csproj", "{7FA45090-7AD3-4C1D-BC7E-02E3520BF6C8}"
EndProject
Project("{FAE04EC0-301F-11D3-BF4B-00C04F79EFBC}") = "Compte Bancaire", "Compte Bancaire\Compte Bancaire.csproj", "{66E144D2-110D-4A76-8452-EE416DDA04FF}"
EndProject
Project("{FAE04EC0-301F-11D3-BF4B-00C04F79EFBC}") = "Boites", "Boites\Boites.csproj", "{FBA02EF0-8C4F-429C-9EE6-1E5585D68C84}"
EndProject
Project("{FAE04EC0-301F-11D3-BF4B-00C04F79EFBC}") = "Voiture", "Voiture\Voiture.csproj", "{19AD4162-2BDE-43CC-84AD-BC5FF238B892}"
EndProject
Project("{FAE04EC0-301F-11D3-BF4B-00C04F79EFBC}") = "Tests", "Tests\Tests.csproj", "{E8F35478-0B4C-4831-88D0-50368BBFB3A0}"
EndProject
Project("{FAE04EC0-301F-11D3-BF4B-00C04F79EFBC}") = "TestBoites", "TestBoites\TestBoites.csproj", "{65E2FFBE-4324-45C1-A1F9-53CB2238827E}"
EndProject
Project("{FAE04EC0-301F-11D3-BF4B-00C04F79EFBC}") = "Cryptage", "Cryptage\Cryptage.csproj", "{F83FDE27-404E-4BB1-82EE-38276601E6B8}"
EndProject
Project("{FAE04EC0-301F-11D3-BF4B-00C04F79EFBC}") = "StatutFlag", "StatutFlag\StatutFlag.csproj", "{26B76F89-FDE4-44D8-AD94-689D449FFC07}"
EndProject
Project("{FAE04EC0-301F-11D3-BF4B-00C04F79EFBC}") = "RelevéMétéo", "RelevéMétéo\RelevéMétéo.csproj", "{22DD5E44-4AFA-4D91-8029-C7788852F8BA}"
EndProject
Global
	GlobalSection(SolutionConfigurationPlatforms) = preSolution
		Debug|Any CPU = Debug|Any CPU
		Release|Any CPU = Release|Any CPU
	EndGlobalSection
	GlobalSection(ProjectConfigurationPlatforms) = postSolution
		{E74C0050-0483-448F-B305-5EF2EFC0BEDC}.Debug|Any CPU.ActiveCfg = Debug|Any CPU
		{E74C0050-0483-448F-B305-5EF2EFC0BEDC}.Debug|Any CPU.Build.0 = Debug|Any CPU
		{E74C0050-0483-448F-B305-5EF2EFC0BEDC}.Release|Any CPU.ActiveCfg = Release|Any CPU
		{E74C0050-0483-448F-B305-5EF2EFC0BEDC}.Release|Any CPU.Build.0 = Release|Any CPU
		{743D35EF-41E5-41EA-98F8-678CA74C8F21}.Debug|Any CPU.ActiveCfg = Debug|Any CPU
		{743D35EF-41E5-41EA-98F8-678CA74C8F21}.Debug|Any CPU.Build.0 = Debug|Any CPU
		{743D35EF-41E5-41EA-98F8-678CA74C8F21}.Release|Any CPU.ActiveCfg = Release|Any CPU
		{743D35EF-41E5-41EA-98F8-678CA74C8F21}.Release|Any CPU.Build.0 = Release|Any CPU
		{B3CE9A86-E02F-401B-A762-7CA85CB29E00}.Debug|Any CPU.ActiveCfg = Debug|Any CPU
		{B3CE9A86-E02F-401B-A762-7CA85CB29E00}.Debug|Any CPU.Build.0 = Debug|Any CPU
		{B3CE9A86-E02F-401B-A762-7CA85CB29E00}.Release|Any CPU.ActiveCfg = Release|Any CPU
		{B3CE9A86-E02F-401B-A762-7CA85CB29E00}.Release|Any CPU.Build.0 = Release|Any CPU
		{D7500C9A-59D7-409B-A69F-29379D636026}.Debug|Any CPU.ActiveCfg = Debug|Any CPU
		{D7500C9A-59D7-409B-A69F-29379D636026}.Debug|Any CPU.Build.0 = Debug|Any CPU
		{D7500C9A-59D7-409B-A69F-29379D636026}.Release|Any CPU.ActiveCfg = Release|Any CPU
		{D7500C9A-59D7-409B-A69F-29379D636026}.Release|Any CPU.Build.0 = Release|Any CPU
		{7FA45090-7AD3-4C1D-BC7E-02E3520BF6C8}.Debug|Any CPU.ActiveCfg = Debug|Any CPU
		{7FA45090-7AD3-4C1D-BC7E-02E3520BF6C8}.Debug|Any CPU.Build.0 = Debug|Any CPU
		{7FA45090-7AD3-4C1D-BC7E-02E3520BF6C8}.Release|Any CPU.ActiveCfg = Release|Any CPU
		{7FA45090-7AD3-4C1D-BC7E-02E3520BF6C8}.Release|Any CPU.Build.0 = Release|Any CPU
		{66E144D2-110D-4A76-8452-EE416DDA04FF}.Debug|Any CPU.ActiveCfg = Debug|Any CPU
		{66E144D2-110D-4A76-8452-EE416DDA04FF}.Debug|Any CPU.Build.0 = Debug|Any CPU
		{66E144D2-110D-4A76-8452-EE416DDA04FF}.Release|Any CPU.ActiveCfg = Release|Any CPU
		{66E144D2-110D-4A76-8452-EE416DDA04FF}.Release|Any CPU.Build.0 = Release|Any CPU
		{FBA02EF0-8C4F-429C-9EE6-1E5585D68C84}.Debug|Any CPU.ActiveCfg = Debug|Any CPU
		{FBA02EF0-8C4F-429C-9EE6-1E5585D68C84}.Debug|Any CPU.Build.0 = Debug|Any CPU
		{FBA02EF0-8C4F-429C-9EE6-1E5585D68C84}.Release|Any CPU.ActiveCfg = Release|Any CPU
		{FBA02EF0-8C4F-429C-9EE6-1E5585D68C84}.Release|Any CPU.Build.0 = Release|Any CPU
		{19AD4162-2BDE-43CC-84AD-BC5FF238B892}.Debug|Any CPU.ActiveCfg = Debug|Any CPU
		{19AD4162-2BDE-43CC-84AD-BC5FF238B892}.Debug|Any CPU.Build.0 = Debug|Any CPU
		{19AD4162-2BDE-43CC-84AD-BC5FF238B892}.Release|Any CPU.ActiveCfg = Release|Any CPU
		{19AD4162-2BDE-43CC-84AD-BC5FF238B892}.Release|Any CPU.Build.0 = Release|Any CPU
		{E8F35478-0B4C-4831-88D0-50368BBFB3A0}.Debug|Any CPU.ActiveCfg = Debug|Any CPU
		{E8F35478-0B4C-4831-88D0-50368BBFB3A0}.Debug|Any CPU.Build.0 = Debug|Any CPU
		{E8F35478-0B4C-4831-88D0-50368BBFB3A0}.Release|Any CPU.ActiveCfg = Release|Any CPU
		{E8F35478-0B4C-4831-88D0-50368BBFB3A0}.Release|Any CPU.Build.0 = Release|Any CPU
		{65E2FFBE-4324-45C1-A1F9-53CB2238827E}.Debug|Any CPU.ActiveCfg = Debug|Any CPU
		{65E2FFBE-4324-45C1-A1F9-53CB2238827E}.Debug|Any CPU.Build.0 = Debug|Any CPU
		{65E2FFBE-4324-45C1-A1F9-53CB2238827E}.Release|Any CPU.ActiveCfg = Release|Any CPU
		{65E2FFBE-4324-45C1-A1F9-53CB2238827E}.Release|Any CPU.Build.0 = Release|Any CPU
		{F83FDE27-404E-4BB1-82EE-38276601E6B8}.Debug|Any CPU.ActiveCfg = Debug|Any CPU
		{F83FDE27-404E-4BB1-82EE-38276601E6B8}.Debug|Any CPU.Build.0 = Debug|Any CPU
		{F83FDE27-404E-4BB1-82EE-38276601E6B8}.Release|Any CPU.ActiveCfg = Release|Any CPU
		{F83FDE27-404E-4BB1-82EE-38276601E6B8}.Release|Any CPU.Build.0 = Release|Any CPU
		{26B76F89-FDE4-44D8-AD94-689D449FFC07}.Debug|Any CPU.ActiveCfg = Debug|Any CPU
		{26B76F89-FDE4-44D8-AD94-689D449FFC07}.Debug|Any CPU.Build.0 = Debug|Any CPU
		{26B76F89-FDE4-44D8-AD94-689D449FFC07}.Release|Any CPU.ActiveCfg = Release|Any CPU
		{26B76F89-FDE4-44D8-AD94-689D449FFC07}.Release|Any CPU.Build.0 = Release|Any CPU
		{22DD5E44-4AFA-4D91-8029-C7788852F8BA}.Debug|Any CPU.ActiveCfg = Debug|Any CPU
		{22DD5E44-4AFA-4D91-8029-C7788852F8BA}.Debug|Any CPU.Build.0 = Debug|Any CPU
		{22DD5E44-4AFA-4D91-8029-C7788852F8BA}.Release|Any CPU.ActiveCfg = Release|Any CPU
		{22DD5E44-4AFA-4D91-8029-C7788852F8BA}.Release|Any CPU.Build.0 = Release|Any CPU
	EndGlobalSection
	GlobalSection(SolutionProperties) = preSolution
		HideSolutionNode = FALSE
	EndGlobalSection
EndGlobal
